// !$*UTF8*$!
{
	archiveVersion = 1;
	classes = {
	};
	objectVersion = 52;
	objects = {

/* Begin PBXBuildFile section */
		550D54A3288DB6950062DF12 /* strng.c in Sources */ = {isa = PBXBuildFile; fileRef = 550D54A1288DB6950062DF12 /* strng.c */; };
		550D54A6289BF9670062DF12 /* list.c in Sources */ = {isa = PBXBuildFile; fileRef = 550D54A5289BF9670062DF12 /* list.c */; };
		552013BE29C7B32900280B32 /* numtest.fc in CopyFiles */ = {isa = PBXBuildFile; fileRef = 552013BD29C7B2E300280B32 /* numtest.fc */; };
		5599AEFA239C0A6F00490A3A /* retrofocal.c in Sources */ = {isa = PBXBuildFile; fileRef = 5599AEF9239C0A6F00490A3A /* retrofocal.c */; };
		5599AEFE239C0ABF00490A3A /* scan.l in Sources */ = {isa = PBXBuildFile; fileRef = 5599AEFC239C0ABF00490A3A /* scan.l */; };
		55A42363287360B00070AF00 /* main.c in Sources */ = {isa = PBXBuildFile; fileRef = 55A42361287360B00070AF00 /* main.c */; };
		55A42364287360B00070AF00 /* statistics.c in Sources */ = {isa = PBXBuildFile; fileRef = 55A42362287360B00070AF00 /* statistics.c */; };
		55B9698C252F44E70021CD8B /* parse.y in Sources */ = {isa = PBXBuildFile; fileRef = 55B9698B252F44E70021CD8B /* parse.y */; };
		55FB295D29C37F2C00BE2097 /* lunar.fc in CopyFiles */ = {isa = PBXBuildFile; fileRef = 55FB295C29C37F2500BE2097 /* lunar.fc */; };
/* End PBXBuildFile section */

/* Begin PBXBuildRule section */
		5533D04E28AE796400078A14 /* PBXBuildRule */ = {
			isa = PBXBuildRule;
			compilerSpec = com.apple.compilers.yacc;
			filePatterns = "*.y";
			fileType = sourcecode.yacc;
			inputFiles = (
				"$(SRCROOT)/$(INPUT_FILE_BASE).y",
			);
			isEditable = 1;
			outputFiles = (
				"$(SRCROOT)/$(INPUT_FILE_BASE).y",
			);
			script = "# $(YACC)\n";
		};
/* End PBXBuildRule section */

/* Begin PBXCopyFilesBuildPhase section */
		55B3D40A238E051D00E6054E /* CopyFiles */ = {
			isa = PBXCopyFilesBuildPhase;
			buildActionMask = 12;
			dstPath = "";
			dstSubfolderSpec = 16;
			files = (
				552013BE29C7B32900280B32 /* numtest.fc in CopyFiles */,
				55FB295D29C37F2C00BE2097 /* lunar.fc in CopyFiles */,
			);
			runOnlyForDeploymentPostprocessing = 0;
		};
/* End PBXCopyFilesBuildPhase section */

/* Begin PBXFileReference section */
		5507A04F29D5D30700898FD4 /* version.h */ = {isa = PBXFileReference; lastKnownFileType = sourcecode.c.h; path = version.h; sourceTree = "<group>"; };
		550D54A1288DB6950062DF12 /* strng.c */ = {isa = PBXFileReference; fileEncoding = 4; lastKnownFileType = sourcecode.c.c; path = strng.c; sourceTree = "<group>"; };
		550D54A2288DB6950062DF12 /* strng.h */ = {isa = PBXFileReference; fileEncoding = 4; lastKnownFileType = sourcecode.c.h; path = strng.h; sourceTree = "<group>"; };
		550D54A4289BF9670062DF12 /* list.h */ = {isa = PBXFileReference; lastKnownFileType = sourcecode.c.h; path = list.h; sourceTree = "<group>"; };
		550D54A5289BF9670062DF12 /* list.c */ = {isa = PBXFileReference; lastKnownFileType = sourcecode.c.c; path = list.c; sourceTree = "<group>"; };
		550EED6E257AC4F300FE6D78 /* VERSIONS */ = {isa = PBXFileReference; lastKnownFileType = text; path = VERSIONS; sourceTree = "<group>"; };
		552013BD29C7B2E300280B32 /* numtest.fc */ = {isa = PBXFileReference; lastKnownFileType = text; path = numtest.fc; sourceTree = "<group>"; };
		5599AEF8239C0A6E00490A3A /* retrofocal.h */ = {isa = PBXFileReference; fileEncoding = 4; indentWidth = 2; lastKnownFileType = sourcecode.c.h; path = retrofocal.h; sourceTree = "<group>"; tabWidth = 2; };
		5599AEF9239C0A6F00490A3A /* retrofocal.c */ = {isa = PBXFileReference; fileEncoding = 4; indentWidth = 2; lastKnownFileType = sourcecode.c.c; path = retrofocal.c; sourceTree = "<group>"; tabWidth = 2; usesTabs = 1; };
		5599AEFB239C0A8800490A3A /* stdhdr.h */ = {isa = PBXFileReference; fileEncoding = 4; lastKnownFileType = sourcecode.c.h; path = stdhdr.h; sourceTree = "<group>"; };
		5599AEFC239C0ABF00490A3A /* scan.l */ = {isa = PBXFileReference; fileEncoding = 4; indentWidth = 2; lastKnownFileType = sourcecode.lex; path = scan.l; sourceTree = "<group>"; tabWidth = 2; };
		55A42360287360B00070AF00 /* statistics.h */ = {isa = PBXFileReference; fileEncoding = 4; lastKnownFileType = sourcecode.c.h; path = statistics.h; sourceTree = "<group>"; };
		55A42361287360B00070AF00 /* main.c */ = {isa = PBXFileReference; fileEncoding = 4; indentWidth = 2; lastKnownFileType = sourcecode.c.c; path = main.c; sourceTree = "<group>"; tabWidth = 2; };
		55A42362287360B00070AF00 /* statistics.c */ = {isa = PBXFileReference; fileEncoding = 4; indentWidth = 2; lastKnownFileType = sourcecode.c.c; path = statistics.c; sourceTree = "<group>"; tabWidth = 2; };
		55B3D40C238E051D00E6054E /* retrofocal */ = {isa = PBXFileReference; explicitFileType = "compiled.mach-o.executable"; includeInIndex = 0; path = retrofocal; sourceTree = BUILT_PRODUCTS_DIR; };
		55B3D428238EB43100E6054E /* TODO */ = {isa = PBXFileReference; fileEncoding = 4; lastKnownFileType = text; path = TODO; sourceTree = "<group>"; };
		55B3D429238EB43100E6054E /* README.md */ = {isa = PBXFileReference; fileEncoding = 4; lastKnownFileType = net.daringfireball.markdown; path = README.md; sourceTree = "<group>"; };
		55B9698A252D26790021CD8B /* LICENCE */ = {isa = PBXFileReference; lastKnownFileType = text; path = LICENCE; sourceTree = "<group>"; };
		55B9698B252F44E70021CD8B /* parse.y */ = {isa = PBXFileReference; fileEncoding = 4; indentWidth = 2; lastKnownFileType = sourcecode.yacc; path = parse.y; sourceTree = "<group>"; tabWidth = 2; };
		55B96990252F4FCA0021CD8B /* makefile */ = {isa = PBXFileReference; lastKnownFileType = sourcecode.make; path = makefile; sourceTree = "<group>"; };
		55B96993252F5AB80021CD8B /* .gitignore */ = {isa = PBXFileReference; lastKnownFileType = text; path = .gitignore; sourceTree = "<group>"; };
		55C0605728B13842002B8345 /* retrofocal.1 */ = {isa = PBXFileReference; lastKnownFileType = text.man; path = retrofocal.1; sourceTree = "<group>"; };
		55D3592229E0CBC800047CD9 /* bottles.fc */ = {isa = PBXFileReference; lastKnownFileType = text; path = bottles.fc; sourceTree = "<group>"; };
		55D3592329E0CBE900047CD9 /* diceg.fc */ = {isa = PBXFileReference; lastKnownFileType = text; path = diceg.fc; sourceTree = "<group>"; };
		55D3592429E0CBEB00047CD9 /* dampsine.fc */ = {isa = PBXFileReference; lastKnownFileType = text; path = dampsine.fc; sourceTree = "<group>"; };
		55D3592529E0CC0300047CD9 /* fact.fc */ = {isa = PBXFileReference; lastKnownFileType = text; path = fact.fc; sourceTree = "<group>"; };
		55D3592629E0CC1300047CD9 /* iplot.fc */ = {isa = PBXFileReference; lastKnownFileType = text; path = iplot.fc; sourceTree = "<group>"; };
		55D3592729E0CC2A00047CD9 /* primes.fc */ = {isa = PBXFileReference; lastKnownFileType = text; path = primes.fc; sourceTree = "<group>"; };
		55D3592829E0CC3500047CD9 /* schrod.fc */ = {isa = PBXFileReference; lastKnownFileType = text; path = schrod.fc; sourceTree = "<group>"; };
		55DEE88128A6A6B800270949 /* RetroFOCAL design.md */ = {isa = PBXFileReference; lastKnownFileType = net.daringfireball.markdown; path = "RetroFOCAL design.md"; sourceTree = "<group>"; };
		55E12DB82904279A0005D17F /* RetroFOCAL build notes.md */ = {isa = PBXFileReference; lastKnownFileType = net.daringfireball.markdown; path = "RetroFOCAL build notes.md"; sourceTree = "<group>"; };
		55EBA451296E3A3F00FCD43A /* parse.h */ = {isa = PBXFileReference; lastKnownFileType = sourcecode.c.h; path = parse.h; sourceTree = "<group>"; };
		55FB295929C373F900BE2097 /* test.bsh */ = {isa = PBXFileReference; explicitFileType = text.script.sh; path = test.bsh; sourceTree = "<group>"; };
		55FB295C29C37F2500BE2097 /* lunar.fc */ = {isa = PBXFileReference; lastKnownFileType = text; name = lunar.fc; path = test/lunar.fc; sourceTree = SOURCE_ROOT; };
/* End PBXFileReference section */

/* Begin PBXFrameworksBuildPhase section */
		55B3D409238E051D00E6054E /* Frameworks */ = {
			isa = PBXFrameworksBuildPhase;
			buildActionMask = 2147483647;
			files = (
			);
			runOnlyForDeploymentPostprocessing = 0;
		};
/* End PBXFrameworksBuildPhase section */

/* Begin PBXGroup section */
		55B3D403238E051D00E6054E = {
			isa = PBXGroup;
			children = (
				55B3D429238EB43100E6054E /* README.md */,
				55B9698A252D26790021CD8B /* LICENCE */,
				55B96990252F4FCA0021CD8B /* makefile */,
				55B3D41F238E1B4500E6054E /* doc */,
				55B3D40E238E051D00E6054E /* src */,
				55B96987252CC1D30021CD8B /* test */,
				55B96992252F5A880021CD8B /* git */,
				55B9698F252F4F340021CD8B /* obj */,
				55B9698D252F4F080021CD8B /* bin */,
				55B3D40D238E051D00E6054E /* Products */,
			);
			sourceTree = "<group>";
			wrapsLines = 1;
		};
		55B3D40D238E051D00E6054E /* Products */ = {
			isa = PBXGroup;
			children = (
				55B3D40C238E051D00E6054E /* retrofocal */,
			);
			name = Products;
			sourceTree = "<group>";
		};
		55B3D40E238E051D00E6054E /* src */ = {
			isa = PBXGroup;
			children = (
				5507A04F29D5D30700898FD4 /* version.h */,
				5599AEFB239C0A8800490A3A /* stdhdr.h */,
				550D54A2288DB6950062DF12 /* strng.h */,
				550D54A1288DB6950062DF12 /* strng.c */,
				550D54A4289BF9670062DF12 /* list.h */,
				550D54A5289BF9670062DF12 /* list.c */,
				5599AEFC239C0ABF00490A3A /* scan.l */,
				55EBA451296E3A3F00FCD43A /* parse.h */,
				55B9698B252F44E70021CD8B /* parse.y */,
				5599AEF8239C0A6E00490A3A /* retrofocal.h */,
				5599AEF9239C0A6F00490A3A /* retrofocal.c */,
				55A42360287360B00070AF00 /* statistics.h */,
				55A42362287360B00070AF00 /* statistics.c */,
				55A42361287360B00070AF00 /* main.c */,
			);
			path = src;
			sourceTree = "<group>";
		};
		55B3D41F238E1B4500E6054E /* doc */ = {
			isa = PBXGroup;
			children = (
				550EED6E257AC4F300FE6D78 /* VERSIONS */,
				55B3D428238EB43100E6054E /* TODO */,
				55C0605728B13842002B8345 /* retrofocal.1 */,
				55DEE88128A6A6B800270949 /* RetroFOCAL design.md */,
				55E12DB82904279A0005D17F /* RetroFOCAL build notes.md */,
			);
			path = doc;
			sourceTree = "<group>";
		};
		55B96987252CC1D30021CD8B /* test */ = {
			isa = PBXGroup;
			children = (
				55D3592229E0CBC800047CD9 /* bottles.fc */,
				55D3592429E0CBEB00047CD9 /* dampsine.fc */,
				55D3592329E0CBE900047CD9 /* diceg.fc */,
				55D3592529E0CC0300047CD9 /* fact.fc */,
				55D3592629E0CC1300047CD9 /* iplot.fc */,
				55FB295C29C37F2500BE2097 /* lunar.fc */,
				552013BD29C7B2E300280B32 /* numtest.fc */,
				55D3592729E0CC2A00047CD9 /* primes.fc */,
				55D3592829E0CC3500047CD9 /* schrod.fc */,
				55FB295929C373F900BE2097 /* test.bsh */,
				55FB295B29C37EEE00BE2097 /* test_programs */,
			);
			path = test;
			sourceTree = "<group>";
		};
		55B9698D252F4F080021CD8B /* bin */ = {
			isa = PBXGroup;
			children = (
			);
			path = bin;
			sourceTree = "<group>";
		};
		55B9698F252F4F340021CD8B /* obj */ = {
			isa = PBXGroup;
			children = (
			);
			path = obj;
			sourceTree = "<group>";
		};
		55B96992252F5A880021CD8B /* git */ = {
			isa = PBXGroup;
			children = (
				55B96993252F5AB80021CD8B /* .gitignore */,
			);
			path = git;
			sourceTree = "<group>";
		};
		55FB295B29C37EEE00BE2097 /* test_programs */ = {
			isa = PBXGroup;
			children = (
			);
			path = test_programs;
			sourceTree = "<group>";
		};
/* End PBXGroup section */

/* Begin PBXNativeTarget section */
		55B3D40B238E051D00E6054E /* retrofocal */ = {
			isa = PBXNativeTarget;
			buildConfigurationList = 55B3D413238E051D00E6054E /* Build configuration list for PBXNativeTarget "retrofocal" */;
			buildPhases = (
				55B3D408238E051D00E6054E /* Sources */,
				55B3D409238E051D00E6054E /* Frameworks */,
				55B3D40A238E051D00E6054E /* CopyFiles */,
				55939F9725A8D9A700EE5D2A /* ShellScript */,
			);
			buildRules = (
				5533D04E28AE796400078A14 /* PBXBuildRule */,
			);
			dependencies = (
			);
			name = retrofocal;
			productName = RetroBASIC;
			productReference = 55B3D40C238E051D00E6054E /* retrofocal */;
			productType = "com.apple.product-type.tool";
		};
/* End PBXNativeTarget section */

/* Begin PBXProject section */
		55B3D404238E051D00E6054E /* Project object */ = {
			isa = PBXProject;
			attributes = {
				LastUpgradeCheck = 1400;
				ORGANIZATIONNAME = "Maury Markowitz";
				TargetAttributes = {
					55B3D40B238E051D00E6054E = {
						CreatedOnToolsVersion = 11.2;
					};
				};
			};
			buildConfigurationList = 55B3D407238E051D00E6054E /* Build configuration list for PBXProject "RetroFOCAL" */;
			compatibilityVersion = "Xcode 9.3";
			developmentRegion = en;
			hasScannedForEncodings = 0;
			knownRegions = (
				en,
				Base,
			);
			mainGroup = 55B3D403238E051D00E6054E;
			productRefGroup = 55B3D40D238E051D00E6054E /* Products */;
			projectDirPath = "";
			projectRoot = "";
			targets = (
				55B3D40B238E051D00E6054E /* retrofocal */,
			);
		};
/* End PBXProject section */

/* Begin PBXShellScriptBuildPhase section */
		55939F9725A8D9A700EE5D2A /* ShellScript */ = {
			isa = PBXShellScriptBuildPhase;
			buildActionMask = 2147483647;
			files = (
			);
			inputFileListPaths = (
			);
			inputPaths = (
			);
			outputFileListPaths = (
			);
			outputPaths = (
			);
			runOnlyForDeploymentPostprocessing = 0;
			shellPath = /bin/sh;
			shellScript = "#!/bin/bash\nsrcDir=src\nif which cppcheck >/dev/null; then\ncppcheck -j 4 --enable=all --inline-suppr $srcDir 2>cppcheck.txt 1>/dev/null\npwd=$(pwd)\nsed \"s|\\[|${pwd}/|\" cppcheck.txt | sed 's|\\]: |: warning: |'\nrm cppcheck.txt\nelse\necho \"warning: cppcheck not installed, install here: http://brewformulas.org/Cppcheck\"\nfi\n";
		};
/* End PBXShellScriptBuildPhase section */

/* Begin PBXSourcesBuildPhase section */
		55B3D408238E051D00E6054E /* Sources */ = {
			isa = PBXSourcesBuildPhase;
			buildActionMask = 2147483647;
			files = (
				550D54A3288DB6950062DF12 /* strng.c in Sources */,
				550D54A6289BF9670062DF12 /* list.c in Sources */,
				55B9698C252F44E70021CD8B /* parse.y in Sources */,
				5599AEFE239C0ABF00490A3A /* scan.l in Sources */,
				5599AEFA239C0A6F00490A3A /* retrofocal.c in Sources */,
				55A42364287360B00070AF00 /* statistics.c in Sources */,
				55A42363287360B00070AF00 /* main.c in Sources */,
			);
			runOnlyForDeploymentPostprocessing = 0;
		};
/* End PBXSourcesBuildPhase section */

/* Begin XCBuildConfiguration section */
		55B3D411238E051D00E6054E /* Debug */ = {
			isa = XCBuildConfiguration;
			buildSettings = {
				ALWAYS_SEARCH_USER_PATHS = YES;
				CLANG_ANALYZER_NONNULL = YES;
				CLANG_ANALYZER_NUMBER_OBJECT_CONVERSION = YES_AGGRESSIVE;
				CLANG_CXX_LANGUAGE_STANDARD = "gnu++14";
				CLANG_CXX_LIBRARY = "libc++";
				CLANG_ENABLE_MODULES = YES;
				CLANG_ENABLE_OBJC_ARC = YES;
				CLANG_ENABLE_OBJC_WEAK = YES;
				CLANG_WARN_BLOCK_CAPTURE_AUTORELEASING = YES;
				CLANG_WARN_BOOL_CONVERSION = YES;
				CLANG_WARN_COMMA = YES;
				CLANG_WARN_CONSTANT_CONVERSION = YES;
				CLANG_WARN_DEPRECATED_OBJC_IMPLEMENTATIONS = YES;
				CLANG_WARN_DIRECT_OBJC_ISA_USAGE = YES_ERROR;
				CLANG_WARN_DOCUMENTATION_COMMENTS = NO;
				CLANG_WARN_EMPTY_BODY = YES;
				CLANG_WARN_ENUM_CONVERSION = YES;
				CLANG_WARN_INFINITE_RECURSION = YES;
				CLANG_WARN_INT_CONVERSION = YES;
				CLANG_WARN_NON_LITERAL_NULL_CONVERSION = YES;
				CLANG_WARN_OBJC_IMPLICIT_RETAIN_SELF = YES;
				CLANG_WARN_OBJC_LITERAL_CONVERSION = YES;
				CLANG_WARN_OBJC_ROOT_CLASS = YES_ERROR;
				CLANG_WARN_RANGE_LOOP_ANALYSIS = YES;
				CLANG_WARN_STRICT_PROTOTYPES = YES;
				CLANG_WARN_SUSPICIOUS_MOVE = YES;
				CLANG_WARN_UNGUARDED_AVAILABILITY = YES_AGGRESSIVE;
				CLANG_WARN_UNREACHABLE_CODE = YES;
				CLANG_WARN__DUPLICATE_METHOD_MATCH = YES;
				COPY_PHASE_STRIP = NO;
				DEBUG_INFORMATION_FORMAT = dwarf;
				ENABLE_STRICT_OBJC_MSGSEND = YES;
				ENABLE_TESTABILITY = YES;
				GCC_C_LANGUAGE_STANDARD = gnu11;
				GCC_DYNAMIC_NO_PIC = NO;
				GCC_NO_COMMON_BLOCKS = YES;
				GCC_OPTIMIZATION_LEVEL = 0;
				GCC_PREPROCESSOR_DEFINITIONS = (
					"DEBUG=1",
					"$(inherited)",
				);
				GCC_WARN_64_TO_32_BIT_CONVERSION = YES;
				GCC_WARN_ABOUT_RETURN_TYPE = YES_ERROR;
				GCC_WARN_UNDECLARED_SELECTOR = YES;
				GCC_WARN_UNINITIALIZED_AUTOS = YES_AGGRESSIVE;
				GCC_WARN_UNUSED_FUNCTION = YES;
				GCC_WARN_UNUSED_VARIABLE = YES;
				HEADER_SEARCH_PATHS = "";
				LD_RUNPATH_SEARCH_PATHS = "";
				MACOSX_DEPLOYMENT_TARGET = 10.14;
				MTL_ENABLE_DEBUG_INFO = INCLUDE_SOURCE;
				MTL_FAST_MATH = YES;
				ONLY_ACTIVE_ARCH = YES;
				PRODUCT_NAME = retrofocal;
				SDKROOT = macosx;
			};
			name = Debug;
		};
		55B3D412238E051D00E6054E /* Release */ = {
			isa = XCBuildConfiguration;
			buildSettings = {
				ALWAYS_SEARCH_USER_PATHS = YES;
				CLANG_ANALYZER_NONNULL = YES;
				CLANG_ANALYZER_NUMBER_OBJECT_CONVERSION = YES_AGGRESSIVE;
				CLANG_CXX_LANGUAGE_STANDARD = "gnu++14";
				CLANG_CXX_LIBRARY = "libc++";
				CLANG_ENABLE_MODULES = YES;
				CLANG_ENABLE_OBJC_ARC = YES;
				CLANG_ENABLE_OBJC_WEAK = YES;
				CLANG_WARN_BLOCK_CAPTURE_AUTORELEASING = YES;
				CLANG_WARN_BOOL_CONVERSION = YES;
				CLANG_WARN_COMMA = YES;
				CLANG_WARN_CONSTANT_CONVERSION = YES;
				CLANG_WARN_DEPRECATED_OBJC_IMPLEMENTATIONS = YES;
				CLANG_WARN_DIRECT_OBJC_ISA_USAGE = YES_ERROR;
				CLANG_WARN_DOCUMENTATION_COMMENTS = NO;
				CLANG_WARN_EMPTY_BODY = YES;
				CLANG_WARN_ENUM_CONVERSION = YES;
				CLANG_WARN_INFINITE_RECURSION = YES;
				CLANG_WARN_INT_CONVERSION = YES;
				CLANG_WARN_NON_LITERAL_NULL_CONVERSION = YES;
				CLANG_WARN_OBJC_IMPLICIT_RETAIN_SELF = YES;
				CLANG_WARN_OBJC_LITERAL_CONVERSION = YES;
				CLANG_WARN_OBJC_ROOT_CLASS = YES_ERROR;
				CLANG_WARN_RANGE_LOOP_ANALYSIS = YES;
				CLANG_WARN_STRICT_PROTOTYPES = YES;
				CLANG_WARN_SUSPICIOUS_MOVE = YES;
				CLANG_WARN_UNGUARDED_AVAILABILITY = YES_AGGRESSIVE;
				CLANG_WARN_UNREACHABLE_CODE = YES;
				CLANG_WARN__DUPLICATE_METHOD_MATCH = YES;
				COPY_PHASE_STRIP = NO;
				DEBUG_INFORMATION_FORMAT = "dwarf-with-dsym";
				ENABLE_NS_ASSERTIONS = NO;
				ENABLE_STRICT_OBJC_MSGSEND = YES;
				GCC_C_LANGUAGE_STANDARD = gnu11;
				GCC_NO_COMMON_BLOCKS = YES;
				GCC_WARN_64_TO_32_BIT_CONVERSION = YES;
				GCC_WARN_ABOUT_RETURN_TYPE = YES_ERROR;
				GCC_WARN_UNDECLARED_SELECTOR = YES;
				GCC_WARN_UNINITIALIZED_AUTOS = YES_AGGRESSIVE;
				GCC_WARN_UNUSED_FUNCTION = YES;
				GCC_WARN_UNUSED_VARIABLE = YES;
				HEADER_SEARCH_PATHS = "";
				LD_RUNPATH_SEARCH_PATHS = "";
				MACOSX_DEPLOYMENT_TARGET = 10.14;
				MTL_ENABLE_DEBUG_INFO = NO;
				MTL_FAST_MATH = YES;
				PRODUCT_NAME = retrofocal;
				SDKROOT = macosx;
			};
			name = Release;
		};
		55B3D414238E051D00E6054E /* Debug */ = {
			isa = XCBuildConfiguration;
			buildSettings = {
				APPLY_RULES_IN_COPY_HEADERS = YES;
				CODE_SIGN_STYLE = Manual;
				LD_RUNPATH_SEARCH_PATHS = "";
				LIBRARY_SEARCH_PATHS = "";
				PRODUCT_NAME = "$(TARGET_NAME)";
				YACCFLAGS = "";
				YACC_GENERATE_DEBUGGING_DIRECTIVES = NO;
			};
			name = Debug;
		};
		55B3D415238E051D00E6054E /* Release */ = {
			isa = XCBuildConfiguration;
			buildSettings = {
				APPLY_RULES_IN_COPY_HEADERS = YES;
				CODE_SIGN_STYLE = Manual;
				LD_RUNPATH_SEARCH_PATHS = "";
				LIBRARY_SEARCH_PATHS = "";
				PRODUCT_NAME = "$(TARGET_NAME)";
				YACCFLAGS = "";
				YACC_GENERATE_DEBUGGING_DIRECTIVES = NO;
			};
			name = Release;
		};
/* End XCBuildConfiguration section */

/* Begin XCConfigurationList section */
		55B3D407238E051D00E6054E /* Build configuration list for PBXProject "RetroFOCAL" */ = {
			isa = XCConfigurationList;
			buildConfigurations = (
				55B3D411238E051D00E6054E /* Debug */,
				55B3D412238E051D00E6054E /* Release */,
			);
			defaultConfigurationIsVisible = 0;
			defaultConfigurationName = Release;
		};
		55B3D413238E051D00E6054E /* Build configuration list for PBXNativeTarget "retrofocal" */ = {
			isa = XCConfigurationList;
			buildConfigurations = (
				55B3D414238E051D00E6054E /* Debug */,
				55B3D415238E051D00E6054E /* Release */,
			);
			defaultConfigurationIsVisible = 0;
			defaultConfigurationName = Release;
		};
/* End XCConfigurationList section */
	};
	rootObject = 55B3D404238E051D00E6054E /* Project object */;
}
